
Microsoft Visual Studio Solution File, Format Version 12.00
# Visual Studio Version 17
VisualStudioVersion = 17.5.33627.172
MinimumVisualStudioVersion = 10.0.40219.1
Project("{FAE04EC0-301F-11D3-BF4B-00C04F79EFBC}") = "WebApplication2-MVC", "WebApplication2-MVC\WebApplication2-MVC.csproj", "{851B7B99-13C9-43CF-905A-C565C23D8E12}"
EndProject
Global
	GlobalSection(SolutionConfigurationPlatforms) = preSolution
		Debug|Any CPU = Debug|Any CPU
		Release|Any CPU = Release|Any CPU
	EndGlobalSection
	GlobalSection(ProjectConfigurationPlatforms) = postSolution
		{851B7B99-13C9-43CF-905A-C565C23D8E12}.Debug|Any CPU.ActiveCfg = Debug|Any CPU
		{851B7B99-13C9-43CF-905A-C565C23D8E12}.Debug|Any CPU.Build.0 = Debug|Any CPU
		{851B7B99-13C9-43CF-905A-C565C23D8E12}.Release|Any CPU.ActiveCfg = Release|Any CPU
		{851B7B99-13C9-43CF-905A-C565C23D8E12}.Release|Any CPU.Build.0 = Release|Any CPU
	EndGlobalSection
	GlobalSection(SolutionProperties) = preSolution
		HideSolutionNode = FALSE
	EndGlobalSection
	GlobalSection(ExtensibilityGlobals) = postSolution
		SolutionGuid = {86D14F56-12EA-429A-9E12-92025C56A5BB}
	EndGlobalSection
EndGlobal
